{
  "name": "observe-and-share",
  "version": "0.0.7",
  "lockfileVersion": 1,
  "requires": true,
  "dependencies": {
    "@types/node": {
      "version": "10.7.1",
      "resolved": "https://registry.npmjs.org/@types/node/-/node-10.7.1.tgz",
      "integrity": "sha512-EGoI4ylB/lPOaqXqtzAyL8HcgOuCtH2hkEaLmkueOYufsTFWBn4VCvlCDC2HW8Q+9iF+QVC3sxjDKQYjHQeZ9w=="
    },
    "ngx-take-until-destroy": {
      "version": "4.1.0",
      "resolved": "https://registry.npmjs.org/ngx-take-until-destroy/-/ngx-take-until-destroy-4.1.0.tgz",
      "integrity": "sha512-SNHZ38PrH1WIwol6sfF/8WoYzlK0jrv+4q715pOKpw0uvHGssc/27LLBqZk+s2zVIYl8kzcx5eTV2N4IA0qhIQ==",
      "requires": {
        "@types/node": "^10.1.4"
      }
    },
    "rxjs": {
      "version": "6.2.1",
      "resolved": "https://registry.npmjs.org/rxjs/-/rxjs-6.2.1.tgz",
      "integrity": "sha512-OwMxHxmnmHTUpgO+V7dZChf3Tixf4ih95cmXjzzadULziVl/FKhHScGLj4goEw9weePVOH2Q0+GcCBUhKCZc/g==",
      "requires": {
        "tslib": "^1.9.0"
      }
    },
    "tslib": {
      "version": "1.9.3",
      "resolved": "https://registry.npmjs.org/tslib/-/tslib-1.9.3.tgz",
      "integrity": "sha512-4krF8scpejhaOgqzBEcGM7yDIEfi0/8+8zDRZhNZZ2kjmHJ4hv3zCbQWxoJGz1iw5U0Jl0nma13xzHXcncMavQ=="
    },
    "typescript": {
      "version": "2.9.2",
      "resolved": "https://registry.npmjs.org/typescript/-/typescript-2.9.2.tgz",
      "integrity": "sha512-Gr4p6nFNaoufRIY4NMdpQRNmgxVIGMs4Fcu/ujdYk3nAZqk7supzBE9idmvfZIlH/Cuj//dvi+019qEue9lV0w==",
      "dev": true
    }
  }
}
